# Generated by move; do not edit
# This file should be checked in.

[move]
version = 4

[pinned.testnet.MoveStdlib]
source = { git = "https://github.com/MystenLabs/sui.git", subdir = "crates/sui-framework/packages/move-stdlib", rev = "83e72a664e8853ecc316efd70a62762a07d04177" }
use_environment = "testnet"
manifest_digest = "C4FE4C91DE74CBF223B2E380AE40F592177D21870DC2D7EB6227D2D694E05363"
deps = {}

[pinned.testnet.Sui]
source = { git = "https://github.com/MystenLabs/sui.git", subdir = "crates/sui-framework/packages/sui-framework", rev = "83e72a664e8853ecc316efd70a62762a07d04177" }
use_environment = "testnet"
manifest_digest = "7AFB66695545775FBFBB2D3078ADFD084244D5002392E837FDE21D9EA1C6D01C"
deps = { MoveStdlib = "MoveStdlib" }

[pinned.testnet.xmoney_bridge]
source = { local = "../xmoney-bridge" }
use_environment = "testnet"
manifest_digest = "33AF823802A948BF4AFDF36A98D44FE36FCE45F35EE494A04B202C2769C73DAB"
deps = { MoveStdlib = "MoveStdlib", Sui = "Sui" }

[pinned.testnet.xmoney_staking]
source = { root = true }
use_environment = "testnet"
manifest_digest = "83E06424B329627F7648E90C920B20F143E50829CB0036B209D4A0095B777312"
deps = { MoveStdlib = "MoveStdlib", Sui = "Sui", xmoney_bridge = "xmoney_bridge" }
